
Microsoft Visual Studio Solution File, Format Version 12.00
# Visual Studio Version 17
VisualStudioVersion = 17.0.32126.317
MinimumVisualStudioVersion = 10.0.40219.1
Project("{FAE04EC0-301F-11D3-BF4B-00C04F79EFBC}") = "uygulama 25", "uygulama 25\uygulama 25.csproj", "{700B8D94-ED0F-4F3D-BA39-B4C4B006648A}"
EndProject
Global
	GlobalSection(SolutionConfigurationPlatforms) = preSolution
		Debug|Any CPU = Debug|Any CPU
		Release|Any CPU = Release|Any CPU
	EndGlobalSection
	GlobalSection(ProjectConfigurationPlatforms) = postSolution
		{700B8D94-ED0F-4F3D-BA39-B4C4B006648A}.Debug|Any CPU.ActiveCfg = Debug|Any CPU
		{700B8D94-ED0F-4F3D-BA39-B4C4B006648A}.Debug|Any CPU.Build.0 = Debug|Any CPU
		{700B8D94-ED0F-4F3D-BA39-B4C4B006648A}.Release|Any CPU.ActiveCfg = Release|Any CPU
		{700B8D94-ED0F-4F3D-BA39-B4C4B006648A}.Release|Any CPU.Build.0 = Release|Any CPU
	EndGlobalSection
	GlobalSection(SolutionProperties) = preSolution
		HideSolutionNode = FALSE
	EndGlobalSection
	GlobalSection(ExtensibilityGlobals) = postSolution
		SolutionGuid = {C3104315-D032-4B87-B192-9914DE583260}
	EndGlobalSection
EndGlobal
